
Microsoft Visual Studio Solution File, Format Version 12.00
# Visual Studio 2012
Project("{F184B08F-C81C-45F6-A57F-5ABD9991F28F}") = "ADCAS", "ADCAS 0.4\ADCAS.vbproj", "{36708A85-6591-4086-8794-8365B12839A7}"
EndProject
Project("{6141683F-8A12-4E36-9623-2EB02B2C2303}") = "Setup1", "Setup1\Setup1.isproj", "{2F649B30-6DD5-435D-AD33-8E6DBE3E5331}"
EndProject
Global
	GlobalSection(SolutionConfigurationPlatforms) = preSolution
		CD_ROM|Any CPU = CD_ROM|Any CPU
		Debug|Any CPU = Debug|Any CPU
		DVD-5|Any CPU = DVD-5|Any CPU
		Release|Any CPU = Release|Any CPU
		SingleImage|Any CPU = SingleImage|Any CPU
	EndGlobalSection
	GlobalSection(ProjectConfigurationPlatforms) = postSolution
		{36708A85-6591-4086-8794-8365B12839A7}.CD_ROM|Any CPU.ActiveCfg = Release|Any CPU
		{36708A85-6591-4086-8794-8365B12839A7}.CD_ROM|Any CPU.Build.0 = Release|Any CPU
		{36708A85-6591-4086-8794-8365B12839A7}.Debug|Any CPU.ActiveCfg = Debug|Any CPU
		{36708A85-6591-4086-8794-8365B12839A7}.Debug|Any CPU.Build.0 = Debug|Any CPU
		{36708A85-6591-4086-8794-8365B12839A7}.DVD-5|Any CPU.ActiveCfg = Debug|Any CPU
		{36708A85-6591-4086-8794-8365B12839A7}.DVD-5|Any CPU.Build.0 = Debug|Any CPU
		{36708A85-6591-4086-8794-8365B12839A7}.Release|Any CPU.ActiveCfg = Release|Any CPU
		{36708A85-6591-4086-8794-8365B12839A7}.Release|Any CPU.Build.0 = Release|Any CPU
		{36708A85-6591-4086-8794-8365B12839A7}.SingleImage|Any CPU.ActiveCfg = Release|Any CPU
		{36708A85-6591-4086-8794-8365B12839A7}.SingleImage|Any CPU.Build.0 = Release|Any CPU
		{2F649B30-6DD5-435D-AD33-8E6DBE3E5331}.CD_ROM|Any CPU.ActiveCfg = CD_ROM
		{2F649B30-6DD5-435D-AD33-8E6DBE3E5331}.CD_ROM|Any CPU.Build.0 = CD_ROM
		{2F649B30-6DD5-435D-AD33-8E6DBE3E5331}.Debug|Any CPU.ActiveCfg = DVD-5
		{2F649B30-6DD5-435D-AD33-8E6DBE3E5331}.Debug|Any CPU.Build.0 = DVD-5
		{2F649B30-6DD5-435D-AD33-8E6DBE3E5331}.DVD-5|Any CPU.ActiveCfg = DVD-5
		{2F649B30-6DD5-435D-AD33-8E6DBE3E5331}.DVD-5|Any CPU.Build.0 = DVD-5
		{2F649B30-6DD5-435D-AD33-8E6DBE3E5331}.Release|Any CPU.ActiveCfg = SingleImage
		{2F649B30-6DD5-435D-AD33-8E6DBE3E5331}.Release|Any CPU.Build.0 = SingleImage
		{2F649B30-6DD5-435D-AD33-8E6DBE3E5331}.SingleImage|Any CPU.ActiveCfg = SingleImage
		{2F649B30-6DD5-435D-AD33-8E6DBE3E5331}.SingleImage|Any CPU.Build.0 = SingleImage
	EndGlobalSection
	GlobalSection(SolutionProperties) = preSolution
		HideSolutionNode = FALSE
	EndGlobalSection
EndGlobal
